
Microsoft Visual Studio Solution File, Format Version 12.00
# Visual Studio Express 2013 for Windows Desktop
VisualStudioVersion = 12.0.40629.0
MinimumVisualStudioVersion = 10.0.40219.1
Project("{8BC9CEB8-8B4A-11D0-8D11-00A0C91BC942}") = "SearchTree", "SearchTree\SearchTree.vcxproj", "{8A01CC91-4D0D-47DB-93A6-C65D3268F765}"
EndProject
Project("{8BC9CEB8-8B4A-11D0-8D11-00A0C91BC942}") = "gtest", "gtest\gtest.vcxproj", "{CD6C7117-8C12-4EE5-AFE1-32EE71619926}"
EndProject
Project("{8BC9CEB8-8B4A-11D0-8D11-00A0C91BC942}") = "SSample", "SSample\SSample.vcxproj", "{B7BAD8BB-6E2C-4D0D-90DF-299E56635986}"
EndProject
Project("{8BC9CEB8-8B4A-11D0-8D11-00A0C91BC942}") = "test_searchtree", "test_searchtree\test_searchtree.vcxproj", "{2D2DABF8-CE79-4E9D-9598-81D89283E049}"
EndProject
Global
	GlobalSection(SolutionConfigurationPlatforms) = preSolution
		Debug|Win32 = Debug|Win32
		Release|Win32 = Release|Win32
	EndGlobalSection
	GlobalSection(ProjectConfigurationPlatforms) = postSolution
		{8A01CC91-4D0D-47DB-93A6-C65D3268F765}.Debug|Win32.ActiveCfg = Debug|Win32
		{8A01CC91-4D0D-47DB-93A6-C65D3268F765}.Debug|Win32.Build.0 = Debug|Win32
		{8A01CC91-4D0D-47DB-93A6-C65D3268F765}.Release|Win32.ActiveCfg = Release|Win32
		{8A01CC91-4D0D-47DB-93A6-C65D3268F765}.Release|Win32.Build.0 = Release|Win32
		{CD6C7117-8C12-4EE5-AFE1-32EE71619926}.Debug|Win32.ActiveCfg = Debug|Win32
		{CD6C7117-8C12-4EE5-AFE1-32EE71619926}.Debug|Win32.Build.0 = Debug|Win32
		{CD6C7117-8C12-4EE5-AFE1-32EE71619926}.Release|Win32.ActiveCfg = Release|Win32
		{CD6C7117-8C12-4EE5-AFE1-32EE71619926}.Release|Win32.Build.0 = Release|Win32
		{B7BAD8BB-6E2C-4D0D-90DF-299E56635986}.Debug|Win32.ActiveCfg = Debug|Win32
		{B7BAD8BB-6E2C-4D0D-90DF-299E56635986}.Debug|Win32.Build.0 = Debug|Win32
		{B7BAD8BB-6E2C-4D0D-90DF-299E56635986}.Release|Win32.ActiveCfg = Release|Win32
		{B7BAD8BB-6E2C-4D0D-90DF-299E56635986}.Release|Win32.Build.0 = Release|Win32
		{2D2DABF8-CE79-4E9D-9598-81D89283E049}.Debug|Win32.ActiveCfg = Debug|Win32
		{2D2DABF8-CE79-4E9D-9598-81D89283E049}.Debug|Win32.Build.0 = Debug|Win32
		{2D2DABF8-CE79-4E9D-9598-81D89283E049}.Release|Win32.ActiveCfg = Release|Win32
		{2D2DABF8-CE79-4E9D-9598-81D89283E049}.Release|Win32.Build.0 = Release|Win32
	EndGlobalSection
	GlobalSection(SolutionProperties) = preSolution
		HideSolutionNode = FALSE
	EndGlobalSection
EndGlobal
