
Microsoft Visual Studio Solution File, Format Version 11.00
# Visual Studio 2010
Project("{8BC9CEB8-8B4A-11D0-8D11-00A0C91BC942}") = "Dheap", "Dheap\Dheap.vcxproj", "{3EC5090C-F153-4BB1-8930-D4981396FDB7}"
EndProject
Project("{8BC9CEB8-8B4A-11D0-8D11-00A0C91BC942}") = "gtest", "gtest\gtest.vcxproj", "{A5178812-0006-46D3-9119-9B2228AA1637}"
EndProject
Project("{8BC9CEB8-8B4A-11D0-8D11-00A0C91BC942}") = "test", "test\test.vcxproj", "{44908965-A4CD-4271-88AD-EAC0E28F87C3}"
	ProjectSection(ProjectDependencies) = postProject
		{3EC5090C-F153-4BB1-8930-D4981396FDB7} = {3EC5090C-F153-4BB1-8930-D4981396FDB7}
		{A5178812-0006-46D3-9119-9B2228AA1637} = {A5178812-0006-46D3-9119-9B2228AA1637}
	EndProjectSection
EndProject
Global
	GlobalSection(SolutionConfigurationPlatforms) = preSolution
		Debug|Win32 = Debug|Win32
		Release|Win32 = Release|Win32
	EndGlobalSection
	GlobalSection(ProjectConfigurationPlatforms) = postSolution
		{3EC5090C-F153-4BB1-8930-D4981396FDB7}.Debug|Win32.ActiveCfg = Debug|Win32
		{3EC5090C-F153-4BB1-8930-D4981396FDB7}.Debug|Win32.Build.0 = Debug|Win32
		{3EC5090C-F153-4BB1-8930-D4981396FDB7}.Release|Win32.ActiveCfg = Release|Win32
		{3EC5090C-F153-4BB1-8930-D4981396FDB7}.Release|Win32.Build.0 = Release|Win32
		{A5178812-0006-46D3-9119-9B2228AA1637}.Debug|Win32.ActiveCfg = Debug|Win32
		{A5178812-0006-46D3-9119-9B2228AA1637}.Debug|Win32.Build.0 = Debug|Win32
		{A5178812-0006-46D3-9119-9B2228AA1637}.Release|Win32.ActiveCfg = Release|Win32
		{A5178812-0006-46D3-9119-9B2228AA1637}.Release|Win32.Build.0 = Release|Win32
		{44908965-A4CD-4271-88AD-EAC0E28F87C3}.Debug|Win32.ActiveCfg = Debug|Win32
		{44908965-A4CD-4271-88AD-EAC0E28F87C3}.Debug|Win32.Build.0 = Debug|Win32
		{44908965-A4CD-4271-88AD-EAC0E28F87C3}.Release|Win32.ActiveCfg = Release|Win32
		{44908965-A4CD-4271-88AD-EAC0E28F87C3}.Release|Win32.Build.0 = Release|Win32
	EndGlobalSection
	GlobalSection(SolutionProperties) = preSolution
		HideSolutionNode = FALSE
	EndGlobalSection
EndGlobal
